Microsoft Visual Studio Solution File, Format Version 12.00
# Visual Studio Version 17
VisualStudioVersion = 17.5.2.0
MinimumVisualStudioVersion = 10.0.40219.1
Project("{FAE04EC0-301F-11D3-BF4B-00C04F79EFBC}") = "JuegoDelDado", "JuegoDelDado\JuegoDelDado.csproj", "{94ABF0AD-184E-F3F5-6BBE-05157EFD5373}"
EndProject
Global
	GlobalSection(SolutionConfigurationPlatforms) = preSolution
		Debug|Any CPU = Debug|Any CPU
		Release|Any CPU = Release|Any CPU
	EndGlobalSection
	GlobalSection(ProjectConfigurationPlatforms) = postSolution
		{94ABF0AD-184E-F3F5-6BBE-05157EFD5373}.Debug|Any CPU.ActiveCfg = Debug|Any CPU
		{94ABF0AD-184E-F3F5-6BBE-05157EFD5373}.Debug|Any CPU.Build.0 = Debug|Any CPU
		{94ABF0AD-184E-F3F5-6BBE-05157EFD5373}.Release|Any CPU.ActiveCfg = Release|Any CPU
		{94ABF0AD-184E-F3F5-6BBE-05157EFD5373}.Release|Any CPU.Build.0 = Release|Any CPU
	EndGlobalSection
	GlobalSection(SolutionProperties) = preSolution
		HideSolutionNode = FALSE
	EndGlobalSection
	GlobalSection(ExtensibilityGlobals) = postSolution
		SolutionGuid = {49C49640-49D8-4D30-ACBA-654772E8D344}
	EndGlobalSection
EndGlobal
